
Microsoft Visual Studio Solution File, Format Version 12.00
# Visual Studio Version 17
VisualStudioVersion = 17.9.34607.119
MinimumVisualStudioVersion = 10.0.40219.1
Project("{FAE04EC0-301F-11D3-BF4B-00C04F79EFBC}") = "Abdul31", "Abdul31\Abdul31.csproj", "{0B6580FF-43E1-4A7F-B97C-F86BEE5C6CCD}"
EndProject
Global
	GlobalSection(SolutionConfigurationPlatforms) = preSolution
		Debug|Any CPU = Debug|Any CPU
		Release|Any CPU = Release|Any CPU
	EndGlobalSection
	GlobalSection(ProjectConfigurationPlatforms) = postSolution
		{0B6580FF-43E1-4A7F-B97C-F86BEE5C6CCD}.Debug|Any CPU.ActiveCfg = Debug|Any CPU
		{0B6580FF-43E1-4A7F-B97C-F86BEE5C6CCD}.Debug|Any CPU.Build.0 = Debug|Any CPU
		{0B6580FF-43E1-4A7F-B97C-F86BEE5C6CCD}.Release|Any CPU.ActiveCfg = Release|Any CPU
		{0B6580FF-43E1-4A7F-B97C-F86BEE5C6CCD}.Release|Any CPU.Build.0 = Release|Any CPU
	EndGlobalSection
	GlobalSection(SolutionProperties) = preSolution
		HideSolutionNode = FALSE
	EndGlobalSection
	GlobalSection(ExtensibilityGlobals) = postSolution
		SolutionGuid = {56009412-F8BD-49CF-9F56-A1B661F46E56}
	EndGlobalSection
EndGlobal
